schema: '2.0'
stages:
  data_ingestion:
    cmd: python src/data/data_ingestion.py
    deps:
    - path: src/data/data_ingestion.py
      hash: md5
      md5: 42b20feb2b4f4ef249d691d6732fe5e4
      size: 4220
    params:
      params.yaml:
        data_ingestion.test_size: 0.2
    outs:
    - path: data/raw
      hash: md5
      md5: b855e2bab4e21078d44844fee5be9da3.dir
      size: 6882906
      nfiles: 2
  data_preprocessing:
    cmd: python src/data/data_preprocessing.py
    deps:
    - path: data/raw/test.csv
      hash: md5
      md5: 295b88d81555e67a857db0337244e118
      size: 1341252
    - path: data/raw/train.csv
      hash: md5
      md5: 70faef66e6135c49f7f02db4a55e9fdd
      size: 5541654
    - path: src/data/data_preprocessing.py
      hash: md5
      md5: f997a07ec5d812b43a2bfa7ca740e7a0
      size: 3715
    outs:
    - path: data/interim
      hash: md5
      md5: a2bbccdc23dd271231099f8d5c99ff87.dir
      size: 5098055
      nfiles: 2
  model_building:
    cmd: python src/model/model_building.py
    deps:
    - path: data/interim/train_processed.csv
      hash: md5
      md5: 86284f4698366b0f2ee05c211c0e9453
      size: 4104889
    - path: src/model/model_building.py
      hash: md5
      md5: 7535a489e792c486bd48d008c4e673c4
      size: 5474
    params:
      params.yaml:
        model_building.learning_rate: 0.09
        model_building.max_depth: 20
        model_building.max_features: 1000
        model_building.n_estimators: 367
        model_building.ngram_range:
        - 1
        - 3
    outs:
    - path: lgbm_model.pkl
      hash: md5
      md5: 5a6975f8c93c7c064f3ce9aff607985f
      size: 3886717
    - path: tfidf_vectorizer.pkl
      hash: md5
      md5: a1f163488d142d3a0a54f59581daa9cf
      size: 36873
  model_evaluation:
    cmd: python src/model/model_evaluation.py
    deps:
    - path: data/interim/test_processed.csv
      hash: md5
      md5: 5b260b8114240fb9c541c0d07b150b14
      size: 993166
    - path: data/interim/train_processed.csv
      hash: md5
      md5: 86284f4698366b0f2ee05c211c0e9453
      size: 4104889
    - path: lgbm_model.pkl
      hash: md5
      md5: 5a6975f8c93c7c064f3ce9aff607985f
      size: 3886717
    - path: src/model/model_evaluation.py
      hash: md5
      md5: b64fcd14ea23d99886cace2e4e475a88
      size: 7283
    - path: tfidf_vectorizer.pkl
      hash: md5
      md5: a1f163488d142d3a0a54f59581daa9cf
      size: 36873
    outs:
    - path: experiment_info.json
      hash: md5
      md5: 13f45fcbda6ce0d756713b8fd7aa2945
      size: 79
  model_registration:
    cmd: python src/model/register_model.py
    deps:
    - path: experiment_info.json
      hash: md5
      md5: 13f45fcbda6ce0d756713b8fd7aa2945
      size: 79
    - path: src/model/register_model.py
      hash: md5
      md5: 9c6bb5ad7b1a9fc977392ba96ff70fe5
      size: 2446
